
Microsoft Visual Studio Solution File, Format Version 12.00
# Visual Studio Version 16
VisualStudioVersion = 16.0.33328.57
MinimumVisualStudioVersion = 10.0.40219.1
Project("{8BC9CEB8-8B4A-11D0-8D11-00A0C91BC942}") = "AntiEmulationR3", "AntiEmulationR3\AntiEmulationR3.vcxproj", "{FE751992-2E0D-4648-AB39-35A69D44530E}"
EndProject
Project("{8BC9CEB8-8B4A-11D0-8D11-00A0C91BC942}") = "SendInput", "SendInput\SendInput.vcxproj", "{EF23B73A-1500-4CB4-BF0A-0DFB6B8C81C3}"
EndProject
Project("{8BC9CEB8-8B4A-11D0-8D11-00A0C91BC942}") = "SendMessage", "SendMessage\SendMessage.vcxproj", "{40223D21-1F40-4A81-9614-EEB3252A9176}"
EndProject
Project("{8BC9CEB8-8B4A-11D0-8D11-00A0C91BC942}") = "AntiEmulationR0", "AntiEmulationR0\AntiEmulationR0.vcxproj", "{04E29BC4-8DEA-4DD3-AFDD-A1AFC02985A2}"
EndProject
Project("{8BC9CEB8-8B4A-11D0-8D11-00A0C91BC942}") = "RecordPlayMsg", "RecordPlayMsg\RecordPlayMsg.vcxproj", "{CC291010-B786-4677-8A77-507E636AFDB5}"
EndProject
Global
	GlobalSection(SolutionConfigurationPlatforms) = preSolution
		Debug|ARM = Debug|ARM
		Debug|ARM64 = Debug|ARM64
		Debug|x64 = Debug|x64
		Debug|x86 = Debug|x86
		Release|ARM = Release|ARM
		Release|ARM64 = Release|ARM64
		Release|x64 = Release|x64
		Release|x86 = Release|x86
	EndGlobalSection
	GlobalSection(ProjectConfigurationPlatforms) = postSolution
		{FE751992-2E0D-4648-AB39-35A69D44530E}.Debug|ARM.ActiveCfg = Debug|Win32
		{FE751992-2E0D-4648-AB39-35A69D44530E}.Debug|ARM64.ActiveCfg = Debug|Win32
		{FE751992-2E0D-4648-AB39-35A69D44530E}.Debug|x64.ActiveCfg = Debug|x64
		{FE751992-2E0D-4648-AB39-35A69D44530E}.Debug|x64.Build.0 = Debug|x64
		{FE751992-2E0D-4648-AB39-35A69D44530E}.Debug|x86.ActiveCfg = Debug|Win32
		{FE751992-2E0D-4648-AB39-35A69D44530E}.Debug|x86.Build.0 = Debug|Win32
		{FE751992-2E0D-4648-AB39-35A69D44530E}.Release|ARM.ActiveCfg = Release|Win32
		{FE751992-2E0D-4648-AB39-35A69D44530E}.Release|ARM64.ActiveCfg = Release|Win32
		{FE751992-2E0D-4648-AB39-35A69D44530E}.Release|x64.ActiveCfg = Release|x64
		{FE751992-2E0D-4648-AB39-35A69D44530E}.Release|x64.Build.0 = Release|x64
		{FE751992-2E0D-4648-AB39-35A69D44530E}.Release|x86.ActiveCfg = Release|Win32
		{FE751992-2E0D-4648-AB39-35A69D44530E}.Release|x86.Build.0 = Release|Win32
		{EF23B73A-1500-4CB4-BF0A-0DFB6B8C81C3}.Debug|ARM.ActiveCfg = Debug|Win32
		{EF23B73A-1500-4CB4-BF0A-0DFB6B8C81C3}.Debug|ARM64.ActiveCfg = Debug|Win32
		{EF23B73A-1500-4CB4-BF0A-0DFB6B8C81C3}.Debug|x64.ActiveCfg = Debug|x64
		{EF23B73A-1500-4CB4-BF0A-0DFB6B8C81C3}.Debug|x64.Build.0 = Debug|x64
		{EF23B73A-1500-4CB4-BF0A-0DFB6B8C81C3}.Debug|x86.ActiveCfg = Debug|Win32
		{EF23B73A-1500-4CB4-BF0A-0DFB6B8C81C3}.Debug|x86.Build.0 = Debug|Win32
		{EF23B73A-1500-4CB4-BF0A-0DFB6B8C81C3}.Release|ARM.ActiveCfg = Release|Win32
		{EF23B73A-1500-4CB4-BF0A-0DFB6B8C81C3}.Release|ARM64.ActiveCfg = Release|Win32
		{EF23B73A-1500-4CB4-BF0A-0DFB6B8C81C3}.Release|x64.ActiveCfg = Release|x64
		{EF23B73A-1500-4CB4-BF0A-0DFB6B8C81C3}.Release|x64.Build.0 = Release|x64
		{EF23B73A-1500-4CB4-BF0A-0DFB6B8C81C3}.Release|x86.ActiveCfg = Release|Win32
		{EF23B73A-1500-4CB4-BF0A-0DFB6B8C81C3}.Release|x86.Build.0 = Release|Win32
		{40223D21-1F40-4A81-9614-EEB3252A9176}.Debug|ARM.ActiveCfg = Debug|Win32
		{40223D21-1F40-4A81-9614-EEB3252A9176}.Debug|ARM64.ActiveCfg = Debug|Win32
		{40223D21-1F40-4A81-9614-EEB3252A9176}.Debug|x64.ActiveCfg = Debug|x64
		{40223D21-1F40-4A81-9614-EEB3252A9176}.Debug|x64.Build.0 = Debug|x64
		{40223D21-1F40-4A81-9614-EEB3252A9176}.Debug|x86.ActiveCfg = Debug|Win32
		{40223D21-1F40-4A81-9614-EEB3252A9176}.Debug|x86.Build.0 = Debug|Win32
		{40223D21-1F40-4A81-9614-EEB3252A9176}.Release|ARM.ActiveCfg = Release|Win32
		{40223D21-1F40-4A81-9614-EEB3252A9176}.Release|ARM64.ActiveCfg = Release|Win32
		{40223D21-1F40-4A81-9614-EEB3252A9176}.Release|x64.ActiveCfg = Release|x64
		{40223D21-1F40-4A81-9614-EEB3252A9176}.Release|x64.Build.0 = Release|x64
		{40223D21-1F40-4A81-9614-EEB3252A9176}.Release|x86.ActiveCfg = Release|Win32
		{40223D21-1F40-4A81-9614-EEB3252A9176}.Release|x86.Build.0 = Release|Win32
		{04E29BC4-8DEA-4DD3-AFDD-A1AFC02985A2}.Debug|ARM.ActiveCfg = Debug|ARM
		{04E29BC4-8DEA-4DD3-AFDD-A1AFC02985A2}.Debug|ARM.Build.0 = Debug|ARM
		{04E29BC4-8DEA-4DD3-AFDD-A1AFC02985A2}.Debug|ARM.Deploy.0 = Debug|ARM
		{04E29BC4-8DEA-4DD3-AFDD-A1AFC02985A2}.Debug|ARM64.ActiveCfg = Debug|ARM64
		{04E29BC4-8DEA-4DD3-AFDD-A1AFC02985A2}.Debug|ARM64.Build.0 = Debug|ARM64
		{04E29BC4-8DEA-4DD3-AFDD-A1AFC02985A2}.Debug|ARM64.Deploy.0 = Debug|ARM64
		{04E29BC4-8DEA-4DD3-AFDD-A1AFC02985A2}.Debug|x64.ActiveCfg = Debug|x64
		{04E29BC4-8DEA-4DD3-AFDD-A1AFC02985A2}.Debug|x64.Build.0 = Debug|x64
		{04E29BC4-8DEA-4DD3-AFDD-A1AFC02985A2}.Debug|x64.Deploy.0 = Debug|x64
		{04E29BC4-8DEA-4DD3-AFDD-A1AFC02985A2}.Debug|x86.ActiveCfg = Debug|Win32
		{04E29BC4-8DEA-4DD3-AFDD-A1AFC02985A2}.Debug|x86.Build.0 = Debug|Win32
		{04E29BC4-8DEA-4DD3-AFDD-A1AFC02985A2}.Debug|x86.Deploy.0 = Debug|Win32
		{04E29BC4-8DEA-4DD3-AFDD-A1AFC02985A2}.Release|ARM.ActiveCfg = Release|ARM
		{04E29BC4-8DEA-4DD3-AFDD-A1AFC02985A2}.Release|ARM.Build.0 = Release|ARM
		{04E29BC4-8DEA-4DD3-AFDD-A1AFC02985A2}.Release|ARM.Deploy.0 = Release|ARM
		{04E29BC4-8DEA-4DD3-AFDD-A1AFC02985A2}.Release|ARM64.ActiveCfg = Release|ARM64
		{04E29BC4-8DEA-4DD3-AFDD-A1AFC02985A2}.Release|ARM64.Build.0 = Release|ARM64
		{04E29BC4-8DEA-4DD3-AFDD-A1AFC02985A2}.Release|ARM64.Deploy.0 = Release|ARM64
		{04E29BC4-8DEA-4DD3-AFDD-A1AFC02985A2}.Release|x64.ActiveCfg = Release|x64
		{04E29BC4-8DEA-4DD3-AFDD-A1AFC02985A2}.Release|x64.Build.0 = Release|x64
		{04E29BC4-8DEA-4DD3-AFDD-A1AFC02985A2}.Release|x64.Deploy.0 = Release|x64
		{04E29BC4-8DEA-4DD3-AFDD-A1AFC02985A2}.Release|x86.ActiveCfg = Release|Win32
		{04E29BC4-8DEA-4DD3-AFDD-A1AFC02985A2}.Release|x86.Build.0 = Release|Win32
		{04E29BC4-8DEA-4DD3-AFDD-A1AFC02985A2}.Release|x86.Deploy.0 = Release|Win32
		{CC291010-B786-4677-8A77-507E636AFDB5}.Debug|ARM.ActiveCfg = Debug|Win32
		{CC291010-B786-4677-8A77-507E636AFDB5}.Debug|ARM64.ActiveCfg = Debug|Win32
		{CC291010-B786-4677-8A77-507E636AFDB5}.Debug|x64.ActiveCfg = Debug|x64
		{CC291010-B786-4677-8A77-507E636AFDB5}.Debug|x64.Build.0 = Debug|x64
		{CC291010-B786-4677-8A77-507E636AFDB5}.Debug|x86.ActiveCfg = Debug|Win32
		{CC291010-B786-4677-8A77-507E636AFDB5}.Debug|x86.Build.0 = Debug|Win32
		{CC291010-B786-4677-8A77-507E636AFDB5}.Release|ARM.ActiveCfg = Release|Win32
		{CC291010-B786-4677-8A77-507E636AFDB5}.Release|ARM64.ActiveCfg = Release|Win32
		{CC291010-B786-4677-8A77-507E636AFDB5}.Release|x64.ActiveCfg = Release|x64
		{CC291010-B786-4677-8A77-507E636AFDB5}.Release|x64.Build.0 = Release|x64
		{CC291010-B786-4677-8A77-507E636AFDB5}.Release|x86.ActiveCfg = Release|Win32
		{CC291010-B786-4677-8A77-507E636AFDB5}.Release|x86.Build.0 = Release|Win32
	EndGlobalSection
	GlobalSection(SolutionProperties) = preSolution
		HideSolutionNode = FALSE
	EndGlobalSection
	GlobalSection(ExtensibilityGlobals) = postSolution
		SolutionGuid = {91658D68-E54D-499E-AA58-9621F8D6ACFB}
	EndGlobalSection
EndGlobal
