<?xml version="1.0" encoding="utf-8"?>
<Project ToolsVersion="4.0" xmlns="http://schemas.microsoft.com/developer/msbuild/2003">
  <ItemGroup>
    <Filter Include="资源文件">
      <UniqueIdentifier>{67DA6AB6-F800-4c08-8B7A-83BB121AAD01}</UniqueIdentifier>
      <Extensions>rc;ico;cur;bmp;dlg;rc2;rct;bin;rgs;gif;jpg;jpeg;jpe;resx;tiff;tif;png;wav;mfcribbon-ms</Extensions>
    </Filter>
    <Filter Include="Core">
      <UniqueIdentifier>{4b3f6d20-0eb5-4230-8b9e-fad1c9ac1e34}</UniqueIdentifier>
    </Filter>
    <Filter Include="源文件">
      <UniqueIdentifier>{4FC737F1-C7A5-4376-A066-2A32D752A2FF}</UniqueIdentifier>
      <Extensions>cpp;c;cc;cxx;c++;cppm;ixx;def;odl;idl;hpj;bat;asm;asmx</Extensions>
    </Filter>
    <Filter Include="头文件">
      <UniqueIdentifier>{93995380-89BD-4b04-88EB-625FBE52EBFB}</UniqueIdentifier>
      <Extensions>h;hh;hpp;hxx;h++;hm;inl;inc;ipp;xsd</Extensions>
    </Filter>
  </ItemGroup>
  <ItemGroup>
    <ClCompile Include="Main.cpp">
      <Filter>源文件</Filter>
    </ClCompile>
    <ClCompile Include="Core\AntiEmulationR3.cpp">
      <Filter>Core</Filter>
    </ClCompile>
    <ClCompile Include="test_window.cpp">
      <Filter>源文件</Filter>
    </ClCompile>
  </ItemGroup>
  <ItemGroup>
    <ClInclude Include="Core\AntiEmulationR3.h">
      <Filter>Core</Filter>
    </ClInclude>
    <ClInclude Include="Core\DetectSendInput.h">
      <Filter>Core</Filter>
    </ClInclude>
    <ClInclude Include="Core\DetectSendMessage.h">
      <Filter>Core</Filter>
    </ClInclude>
    <ClInclude Include="Core\Inc.h">
      <Filter>Core</Filter>
    </ClInclude>
    <ClInclude Include="Core\MsgFilterProc.h">
      <Filter>Core</Filter>
    </ClInclude>
    <ClInclude Include="Core\sendmsg_dispatcher.h">
      <Filter>Core</Filter>
    </ClInclude>
    <ClInclude Include="Core\sendmsg_dispatcher_old.h">
      <Filter>Core</Filter>
    </ClInclude>
    <ClInclude Include="test_window.h">
      <Filter>源文件</Filter>
    </ClInclude>
    <ClInclude Include="Core\DetectSendInject.h">
      <Filter>Core</Filter>
    </ClInclude>
  </ItemGroup>
</Project>